
Microsoft Visual Studio Solution File, Format Version 12.00
# Visual Studio Version 16
VisualStudioVersion = 16.0.30523.141
MinimumVisualStudioVersion = 10.0.40219.1
Project("{9A19103F-16F7-4668-BE54-9A1E7A4F7556}") = "WebAPI", "WebAPI\WebAPI.csproj", "{7BB26546-C696-4A49-BB57-AFFA5F2B6799}"
EndProject
Project("{2150E333-8FDC-42A3-9474-1A3956D46DE8}") = "01. Presentation", "01. Presentation", "{8B43F163-AFA9-431D-8B34-13880AC45FEA}"
EndProject
Project("{2150E333-8FDC-42A3-9474-1A3956D46DE8}") = "00. Framework", "00. Framework", "{81650748-EE14-4EA6-A5FC-D8CCEB7873D5}"
EndProject
Project("{9A19103F-16F7-4668-BE54-9A1E7A4F7556}") = "Workbench.Comparer", "Workbench.Comparer\Workbench.Comparer.csproj", "{0F78222C-8493-4293-A424-33ADB447CC0C}"
EndProject
Project("{9A19103F-16F7-4668-BE54-9A1E7A4F7556}") = "Workbench.GenericComparer.Tests", "Workbench.GenericComparer.Tests\Workbench.GenericComparer.Tests.csproj", "{4467CDE6-BAC4-4A26-80B7-F0D675971830}"
EndProject
Project("{9A19103F-16F7-4668-BE54-9A1E7A4F7556}") = "Workbench.Linq.Extensions", "Workbench.Linq.Extensions\Workbench.Linq.Extensions.csproj", "{E6B214ED-0F85-4D4C-B972-0F81C9F9CB2E}"
EndProject
Project("{9A19103F-16F7-4668-BE54-9A1E7A4F7556}") = "Workbench.Linq.Extensions.Tests", "Workbench.Linq.Extensions.Tests\Workbench.Linq.Extensions.Tests.csproj", "{D2A54E5D-50DC-44F0-974C-8EC22ADAA064}"
EndProject
Project("{2150E333-8FDC-42A3-9474-1A3956D46DE8}") = "04. Infra", "04. Infra", "{42A88419-8568-433D-A027-A5853780A83E}"
EndProject
Project("{9A19103F-16F7-4668-BE54-9A1E7A4F7556}") = "Infra.Repository.Detran.Tests", "Infra.Repository.Detran.Tests\Infra.Repository.Detran.Tests.csproj", "{660A2898-16BB-4B50-944C-3D6E06C51646}"
EndProject
Project("{2150E333-8FDC-42A3-9474-1A3956D46DE8}") = "02. Application", "02. Application", "{FAAF7A15-4496-4D73-9D1A-581C3B230232}"
EndProject
Project("{9A19103F-16F7-4668-BE54-9A1E7A4F7556}") = "Application", "Application\Application.csproj", "{F18BCE3C-E182-4C8F-A39C-7CEA4853CE73}"
EndProject
Project("{9A19103F-16F7-4668-BE54-9A1E7A4F7556}") = "Infra.Repository.Detran", "Infra.Repository.Detran\Infra.Repository.Detran.csproj", "{3EEE90D9-A054-400C-BFC7-9865C0C2DEE5}"
EndProject
Project("{9A19103F-16F7-4668-BE54-9A1E7A4F7556}") = "Workbench.DependencyInjection.Extensions", "Workbench.DependencyInjection.Extensions\Workbench.DependencyInjection.Extensions.csproj", "{E6959B8C-EB09-4288-B84C-8752DD708F41}"
EndProject
Project("{9A19103F-16F7-4668-BE54-9A1E7A4F7556}") = "Workbench.IDistributedCache.Extensions", "Workbench.IDistributedCache.Extensions\Workbench.IDistributedCache.Extensions.csproj", "{FD7E1EE8-EF31-4785-B945-1ACDDB5D065F}"
EndProject
Project("{FAE04EC0-301F-11D3-BF4B-00C04F79EFBC}") = "Workbench.IFormatter.Extensions", "Workbench.IFormatter.Extensions\Workbench.IFormatter.Extensions.csproj", "{C08D47C6-A1B0-4680-8854-AA5E20C91415}"
EndProject
Project("{FAE04EC0-301F-11D3-BF4B-00C04F79EFBC}") = "Workbench.IFormatter.Extensions.Tests", "Workbench.IFormatter.Extensions.Tests\Workbench.IFormatter.Extensions.Tests.csproj", "{95C404BB-1BDD-494D-816B-49F3B260C1DC}"
EndProject
Global
	GlobalSection(SolutionConfigurationPlatforms) = preSolution
		Debug|Any CPU = Debug|Any CPU
		Release|Any CPU = Release|Any CPU
	EndGlobalSection
	GlobalSection(ProjectConfigurationPlatforms) = postSolution
		{7BB26546-C696-4A49-BB57-AFFA5F2B6799}.Debug|Any CPU.ActiveCfg = Debug|Any CPU
		{7BB26546-C696-4A49-BB57-AFFA5F2B6799}.Debug|Any CPU.Build.0 = Debug|Any CPU
		{7BB26546-C696-4A49-BB57-AFFA5F2B6799}.Release|Any CPU.ActiveCfg = Release|Any CPU
		{7BB26546-C696-4A49-BB57-AFFA5F2B6799}.Release|Any CPU.Build.0 = Release|Any CPU
		{0F78222C-8493-4293-A424-33ADB447CC0C}.Debug|Any CPU.ActiveCfg = Debug|Any CPU
		{0F78222C-8493-4293-A424-33ADB447CC0C}.Debug|Any CPU.Build.0 = Debug|Any CPU
		{0F78222C-8493-4293-A424-33ADB447CC0C}.Release|Any CPU.ActiveCfg = Release|Any CPU
		{0F78222C-8493-4293-A424-33ADB447CC0C}.Release|Any CPU.Build.0 = Release|Any CPU
		{4467CDE6-BAC4-4A26-80B7-F0D675971830}.Debug|Any CPU.ActiveCfg = Debug|Any CPU
		{4467CDE6-BAC4-4A26-80B7-F0D675971830}.Debug|Any CPU.Build.0 = Debug|Any CPU
		{4467CDE6-BAC4-4A26-80B7-F0D675971830}.Release|Any CPU.ActiveCfg = Release|Any CPU
		{4467CDE6-BAC4-4A26-80B7-F0D675971830}.Release|Any CPU.Build.0 = Release|Any CPU
		{E6B214ED-0F85-4D4C-B972-0F81C9F9CB2E}.Debug|Any CPU.ActiveCfg = Debug|Any CPU
		{E6B214ED-0F85-4D4C-B972-0F81C9F9CB2E}.Debug|Any CPU.Build.0 = Debug|Any CPU
		{E6B214ED-0F85-4D4C-B972-0F81C9F9CB2E}.Release|Any CPU.ActiveCfg = Release|Any CPU
		{E6B214ED-0F85-4D4C-B972-0F81C9F9CB2E}.Release|Any CPU.Build.0 = Release|Any CPU
		{D2A54E5D-50DC-44F0-974C-8EC22ADAA064}.Debug|Any CPU.ActiveCfg = Debug|Any CPU
		{D2A54E5D-50DC-44F0-974C-8EC22ADAA064}.Debug|Any CPU.Build.0 = Debug|Any CPU
		{D2A54E5D-50DC-44F0-974C-8EC22ADAA064}.Release|Any CPU.ActiveCfg = Release|Any CPU
		{D2A54E5D-50DC-44F0-974C-8EC22ADAA064}.Release|Any CPU.Build.0 = Release|Any CPU
		{660A2898-16BB-4B50-944C-3D6E06C51646}.Debug|Any CPU.ActiveCfg = Debug|Any CPU
		{660A2898-16BB-4B50-944C-3D6E06C51646}.Debug|Any CPU.Build.0 = Debug|Any CPU
		{660A2898-16BB-4B50-944C-3D6E06C51646}.Release|Any CPU.ActiveCfg = Release|Any CPU
		{660A2898-16BB-4B50-944C-3D6E06C51646}.Release|Any CPU.Build.0 = Release|Any CPU
		{F18BCE3C-E182-4C8F-A39C-7CEA4853CE73}.Debug|Any CPU.ActiveCfg = Debug|Any CPU
		{F18BCE3C-E182-4C8F-A39C-7CEA4853CE73}.Debug|Any CPU.Build.0 = Debug|Any CPU
		{F18BCE3C-E182-4C8F-A39C-7CEA4853CE73}.Release|Any CPU.ActiveCfg = Release|Any CPU
		{F18BCE3C-E182-4C8F-A39C-7CEA4853CE73}.Release|Any CPU.Build.0 = Release|Any CPU
		{3EEE90D9-A054-400C-BFC7-9865C0C2DEE5}.Debug|Any CPU.ActiveCfg = Debug|Any CPU
		{3EEE90D9-A054-400C-BFC7-9865C0C2DEE5}.Debug|Any CPU.Build.0 = Debug|Any CPU
		{3EEE90D9-A054-400C-BFC7-9865C0C2DEE5}.Release|Any CPU.ActiveCfg = Release|Any CPU
		{3EEE90D9-A054-400C-BFC7-9865C0C2DEE5}.Release|Any CPU.Build.0 = Release|Any CPU
		{E6959B8C-EB09-4288-B84C-8752DD708F41}.Debug|Any CPU.ActiveCfg = Debug|Any CPU
		{E6959B8C-EB09-4288-B84C-8752DD708F41}.Debug|Any CPU.Build.0 = Debug|Any CPU
		{E6959B8C-EB09-4288-B84C-8752DD708F41}.Release|Any CPU.ActiveCfg = Release|Any CPU
		{E6959B8C-EB09-4288-B84C-8752DD708F41}.Release|Any CPU.Build.0 = Release|Any CPU
		{FD7E1EE8-EF31-4785-B945-1ACDDB5D065F}.Debug|Any CPU.ActiveCfg = Debug|Any CPU
		{FD7E1EE8-EF31-4785-B945-1ACDDB5D065F}.Debug|Any CPU.Build.0 = Debug|Any CPU
		{FD7E1EE8-EF31-4785-B945-1ACDDB5D065F}.Release|Any CPU.ActiveCfg = Release|Any CPU
		{FD7E1EE8-EF31-4785-B945-1ACDDB5D065F}.Release|Any CPU.Build.0 = Release|Any CPU
		{C08D47C6-A1B0-4680-8854-AA5E20C91415}.Debug|Any CPU.ActiveCfg = Debug|Any CPU
		{C08D47C6-A1B0-4680-8854-AA5E20C91415}.Debug|Any CPU.Build.0 = Debug|Any CPU
		{C08D47C6-A1B0-4680-8854-AA5E20C91415}.Release|Any CPU.ActiveCfg = Release|Any CPU
		{C08D47C6-A1B0-4680-8854-AA5E20C91415}.Release|Any CPU.Build.0 = Release|Any CPU
		{95C404BB-1BDD-494D-816B-49F3B260C1DC}.Debug|Any CPU.ActiveCfg = Debug|Any CPU
		{95C404BB-1BDD-494D-816B-49F3B260C1DC}.Debug|Any CPU.Build.0 = Debug|Any CPU
		{95C404BB-1BDD-494D-816B-49F3B260C1DC}.Release|Any CPU.ActiveCfg = Release|Any CPU
		{95C404BB-1BDD-494D-816B-49F3B260C1DC}.Release|Any CPU.Build.0 = Release|Any CPU
	EndGlobalSection
	GlobalSection(SolutionProperties) = preSolution
		HideSolutionNode = FALSE
	EndGlobalSection
	GlobalSection(NestedProjects) = preSolution
		{7BB26546-C696-4A49-BB57-AFFA5F2B6799} = {8B43F163-AFA9-431D-8B34-13880AC45FEA}
		{0F78222C-8493-4293-A424-33ADB447CC0C} = {81650748-EE14-4EA6-A5FC-D8CCEB7873D5}
		{4467CDE6-BAC4-4A26-80B7-F0D675971830} = {81650748-EE14-4EA6-A5FC-D8CCEB7873D5}
		{E6B214ED-0F85-4D4C-B972-0F81C9F9CB2E} = {81650748-EE14-4EA6-A5FC-D8CCEB7873D5}
		{D2A54E5D-50DC-44F0-974C-8EC22ADAA064} = {81650748-EE14-4EA6-A5FC-D8CCEB7873D5}
		{660A2898-16BB-4B50-944C-3D6E06C51646} = {42A88419-8568-433D-A027-A5853780A83E}
		{F18BCE3C-E182-4C8F-A39C-7CEA4853CE73} = {FAAF7A15-4496-4D73-9D1A-581C3B230232}
		{3EEE90D9-A054-400C-BFC7-9865C0C2DEE5} = {42A88419-8568-433D-A027-A5853780A83E}
		{E6959B8C-EB09-4288-B84C-8752DD708F41} = {81650748-EE14-4EA6-A5FC-D8CCEB7873D5}
		{FD7E1EE8-EF31-4785-B945-1ACDDB5D065F} = {81650748-EE14-4EA6-A5FC-D8CCEB7873D5}
		{C08D47C6-A1B0-4680-8854-AA5E20C91415} = {81650748-EE14-4EA6-A5FC-D8CCEB7873D5}
		{95C404BB-1BDD-494D-816B-49F3B260C1DC} = {81650748-EE14-4EA6-A5FC-D8CCEB7873D5}
	EndGlobalSection
	GlobalSection(ExtensibilityGlobals) = postSolution
		SolutionGuid = {4A90C331-830A-4D9E-971D-F17899C6CD14}
	EndGlobalSection
EndGlobal
